
Microsoft Visual Studio Solution File, Format Version 12.00
# Visual Studio Version 16
VisualStudioVersion = 16.0.30523.141
MinimumVisualStudioVersion = 10.0.40219.1
Project("{FAE04EC0-301F-11D3-BF4B-00C04F79EFBC}") = "AnalogClock", "AnalogClock\AnalogClock.csproj", "{C15F52EA-D8FC-4964-898C-62AC2B9911DA}"
EndProject
Project("{FAE04EC0-301F-11D3-BF4B-00C04F79EFBC}") = "BlazorApp", "BlazorApp\BlazorApp.csproj", "{51BA1F48-AB47-4C94-BAA1-E2859F5CCEC4}"
EndProject
Global
	GlobalSection(SolutionConfigurationPlatforms) = preSolution
		Debug|Any CPU = Debug|Any CPU
		Release|Any CPU = Release|Any CPU
	EndGlobalSection
	GlobalSection(ProjectConfigurationPlatforms) = postSolution
		{C15F52EA-D8FC-4964-898C-62AC2B9911DA}.Debug|Any CPU.ActiveCfg = Debug|Any CPU
		{C15F52EA-D8FC-4964-898C-62AC2B9911DA}.Debug|Any CPU.Build.0 = Debug|Any CPU
		{C15F52EA-D8FC-4964-898C-62AC2B9911DA}.Release|Any CPU.ActiveCfg = Release|Any CPU
		{C15F52EA-D8FC-4964-898C-62AC2B9911DA}.Release|Any CPU.Build.0 = Release|Any CPU
		{51BA1F48-AB47-4C94-BAA1-E2859F5CCEC4}.Debug|Any CPU.ActiveCfg = Debug|Any CPU
		{51BA1F48-AB47-4C94-BAA1-E2859F5CCEC4}.Debug|Any CPU.Build.0 = Debug|Any CPU
		{51BA1F48-AB47-4C94-BAA1-E2859F5CCEC4}.Release|Any CPU.ActiveCfg = Release|Any CPU
		{51BA1F48-AB47-4C94-BAA1-E2859F5CCEC4}.Release|Any CPU.Build.0 = Release|Any CPU
	EndGlobalSection
	GlobalSection(SolutionProperties) = preSolution
		HideSolutionNode = FALSE
	EndGlobalSection
	GlobalSection(ExtensibilityGlobals) = postSolution
		SolutionGuid = {8EF1E689-58B4-482C-80CA-550012DE55BE}
	EndGlobalSection
EndGlobal
